// !$*UTF8*$!
{
	archiveVersion = 1;
	classes = {
	};
	objectVersion = 77;
	objects = {

/* Begin PBXContainerItemProxy section */
		B0286FB42D3EACFD00791335 /* PBXContainerItemProxy */ = {
			isa = PBXContainerItemProxy;
			containerPortal = B0286F952D3EACFC00791335 /* Project object */;
			proxyType = 1;
			remoteGlobalIDString = B0286F9C2D3EACFC00791335;
			remoteInfo = CitySearch;
		};
		B0286FBE2D3EACFD00791335 /* PBXContainerItemProxy */ = {
			isa = PBXContainerItemProxy;
			containerPortal = B0286F952D3EACFC00791335 /* Project object */;
			proxyType = 1;
			remoteGlobalIDString = B0286F9C2D3EACFC00791335;
			remoteInfo = CitySearch;
		};
/* End PBXContainerItemProxy section */

/* Begin PBXFileReference section */
		B0286F9D2D3EACFC00791335 /* CitySearch.app */ = {isa = PBXFileReference; explicitFileType = wrapper.application; includeInIndex = 0; path = CitySearch.app; sourceTree = BUILT_PRODUCTS_DIR; };
		B0286FB32D3EACFD00791335 /* CitySearchTests.xctest */ = {isa = PBXFileReference; explicitFileType = wrapper.cfbundle; includeInIndex = 0; path = CitySearchTests.xctest; sourceTree = BUILT_PRODUCTS_DIR; };
		B0286FBD2D3EACFD00791335 /* CitySearchUITests.xctest */ = {isa = PBXFileReference; explicitFileType = wrapper.cfbundle; includeInIndex = 0; path = CitySearchUITests.xctest; sourceTree = BUILT_PRODUCTS_DIR; };
/* End PBXFileReference section */

/* Begin PBXFileSystemSynchronizedBuildFileExceptionSet section */
		B0EC7A842D3F9FF800151773 /* Exceptions for "CitySearch" folder in "CitySearch" target */ = {
			isa = PBXFileSystemSynchronizedBuildFileExceptionSet;
			membershipExceptions = (
				Info.plist,
			);
			target = B0286F9C2D3EACFC00791335 /* CitySearch */;
		};
/* End PBXFileSystemSynchronizedBuildFileExceptionSet section */

/* Begin PBXFileSystemSynchronizedRootGroup section */
		B0286FB62D3EACFD00791335 /* CitySearchTests */ = {
			isa = PBXFileSystemSynchronizedRootGroup;
			path = CitySearchTests;
			sourceTree = "<group>";
		};
		B0286FC02D3EACFD00791335 /* CitySearchUITests */ = {
			isa = PBXFileSystemSynchronizedRootGroup;
			path = CitySearchUITests;
			sourceTree = "<group>";
		};
		B0EC7A7D2D3F9FF800151773 /* CitySearch */ = {
			isa = PBXFileSystemSynchronizedRootGroup;
			exceptions = (
				B0EC7A842D3F9FF800151773 /* Exceptions for "CitySearch" folder in "CitySearch" target */,
			);
			path = CitySearch;
			sourceTree = "<group>";
		};
/* End PBXFileSystemSynchronizedRootGroup section */

/* Begin PBXFrameworksBuildPhase section */
		B0286F9A2D3EACFC00791335 /* Frameworks */ = {
			isa = PBXFrameworksBuildPhase;
			buildActionMask = 2147483647;
			files = (
			);
			runOnlyForDeploymentPostprocessing = 0;
		};
		B0286FB02D3EACFD00791335 /* Frameworks */ = {
			isa = PBXFrameworksBuildPhase;
			buildActionMask = 2147483647;
			files = (
			);
			runOnlyForDeploymentPostprocessing = 0;
		};
		B0286FBA2D3EACFD00791335 /* Frameworks */ = {
			isa = PBXFrameworksBuildPhase;
			buildActionMask = 2147483647;
			files = (
			);
			runOnlyForDeploymentPostprocessing = 0;
		};
/* End PBXFrameworksBuildPhase section */

/* Begin PBXGroup section */
		B0286F942D3EACFC00791335 = {
			isa = PBXGroup;
			children = (
				B0EC7A7D2D3F9FF800151773 /* CitySearch */,
				B0286FB62D3EACFD00791335 /* CitySearchTests */,
				B0286FC02D3EACFD00791335 /* CitySearchUITests */,
				B0286F9E2D3EACFC00791335 /* Products */,
			);
			sourceTree = "<group>";
		};
		B0286F9E2D3EACFC00791335 /* Products */ = {
			isa = PBXGroup;
			children = (
				B0286F9D2D3EACFC00791335 /* CitySearch.app */,
				B0286FB32D3EACFD00791335 /* CitySearchTests.xctest */,
				B0286FBD2D3EACFD00791335 /* CitySearchUITests.xctest */,
			);
			name = Products;
			sourceTree = "<group>";
		};
/* End PBXGroup section */

/* Begin PBXNativeTarget section */
		B0286F9C2D3EACFC00791335 /* CitySearch */ = {
			isa = PBXNativeTarget;
			buildConfigurationList = B0286FC62D3EACFD00791335 /* Build configuration list for PBXNativeTarget "CitySearch" */;
			buildPhases = (
				B0286F992D3EACFC00791335 /* Sources */,
				B0286F9A2D3EACFC00791335 /* Frameworks */,
				B0286F9B2D3EACFC00791335 /* Resources */,
			);
			buildRules = (
			);
			dependencies = (
			);
			fileSystemSynchronizedGroups = (
				B0EC7A7D2D3F9FF800151773 /* CitySearch */,
			);
			name = CitySearch;
			packageProductDependencies = (
			);
			productName = CitySearch;
			productReference = B0286F9D2D3EACFC00791335 /* CitySearch.app */;
			productType = "com.apple.product-type.application";
		};
		B0286FB22D3EACFD00791335 /* CitySearchTests */ = {
			isa = PBXNativeTarget;
			buildConfigurationList = B0286FCB2D3EACFD00791335 /* Build configuration list for PBXNativeTarget "CitySearchTests" */;
			buildPhases = (
				B0286FAF2D3EACFD00791335 /* Sources */,
				B0286FB02D3EACFD00791335 /* Frameworks */,
				B0286FB12D3EACFD00791335 /* Resources */,
			);
			buildRules = (
			);
			dependencies = (
				B0286FB52D3EACFD00791335 /* PBXTargetDependency */,
			);
			fileSystemSynchronizedGroups = (
				B0286FB62D3EACFD00791335 /* CitySearchTests */,
			);
			name = CitySearchTests;
			packageProductDependencies = (
			);
			productName = CitySearchTests;
			productReference = B0286FB32D3EACFD00791335 /* CitySearchTests.xctest */;
			productType = "com.apple.product-type.bundle.unit-test";
		};
		B0286FBC2D3EACFD00791335 /* CitySearchUITests */ = {
			isa = PBXNativeTarget;
			buildConfigurationList = B0286FCE2D3EACFD00791335 /* Build configuration list for PBXNativeTarget "CitySearchUITests" */;
			buildPhases = (
				B0286FB92D3EACFD00791335 /* Sources */,
				B0286FBA2D3EACFD00791335 /* Frameworks */,
				B0286FBB2D3EACFD00791335 /* Resources */,
			);
			buildRules = (
			);
			dependencies = (
				B0286FBF2D3EACFD00791335 /* PBXTargetDependency */,
			);
			fileSystemSynchronizedGroups = (
				B0286FC02D3EACFD00791335 /* CitySearchUITests */,
			);
			name = CitySearchUITests;
			packageProductDependencies = (
			);
			productName = CitySearchUITests;
			productReference = B0286FBD2D3EACFD00791335 /* CitySearchUITests.xctest */;
			productType = "com.apple.product-type.bundle.ui-testing";
		};
/* End PBXNativeTarget section */

/* Begin PBXProject section */
		B0286F952D3EACFC00791335 /* Project object */ = {
			isa = PBXProject;
			attributes = {
				BuildIndependentTargetsInParallel = 1;
				LastSwiftUpdateCheck = 1620;
				LastUpgradeCheck = 1620;
				TargetAttributes = {
					B0286F9C2D3EACFC00791335 = {
						CreatedOnToolsVersion = 16.2;
					};
					B0286FB22D3EACFD00791335 = {
						CreatedOnToolsVersion = 16.2;
						TestTargetID = B0286F9C2D3EACFC00791335;
					};
					B0286FBC2D3EACFD00791335 = {
						CreatedOnToolsVersion = 16.2;
						TestTargetID = B0286F9C2D3EACFC00791335;
					};
				};
			};
			buildConfigurationList = B0286F982D3EACFC00791335 /* Build configuration list for PBXProject "CitySearch" */;
			developmentRegion = en;
			hasScannedForEncodings = 0;
			knownRegions = (
				en,
				Base,
			);
			mainGroup = B0286F942D3EACFC00791335;
			minimizedProjectReferenceProxies = 1;
			preferredProjectObjectVersion = 77;
			productRefGroup = B0286F9E2D3EACFC00791335 /* Products */;
			projectDirPath = "";
			projectRoot = "";
			targets = (
				B0286F9C2D3EACFC00791335 /* CitySearch */,
				B0286FB22D3EACFD00791335 /* CitySearchTests */,
				B0286FBC2D3EACFD00791335 /* CitySearchUITests */,
			);
		};
/* End PBXProject section */

/* Begin PBXResourcesBuildPhase section */
		B0286F9B2D3EACFC00791335 /* Resources */ = {
			isa = PBXResourcesBuildPhase;
			buildActionMask = 2147483647;
			files = (
			);
			runOnlyForDeploymentPostprocessing = 0;
		};
		B0286FB12D3EACFD00791335 /* Resources */ = {
			isa = PBXResourcesBuildPhase;
			buildActionMask = 2147483647;
			files = (
			);
			runOnlyForDeploymentPostprocessing = 0;
		};
		B0286FBB2D3EACFD00791335 /* Resources */ = {
			isa = PBXResourcesBuildPhase;
			buildActionMask = 2147483647;
			files = (
			);
			runOnlyForDeploymentPostprocessing = 0;
		};
/* End PBXResourcesBuildPhase section */

/* Begin PBXSourcesBuildPhase section */
		B0286F992D3EACFC00791335 /* Sources */ = {
			isa = PBXSourcesBuildPhase;
			buildActionMask = 2147483647;
			files = (
			);
			runOnlyForDeploymentPostprocessing = 0;
		};
		B0286FAF2D3EACFD00791335 /* Sources */ = {
			isa = PBXSourcesBuildPhase;
			buildActionMask = 2147483647;
			files = (
			);
			runOnlyForDeploymentPostprocessing = 0;
		};
		B0286FB92D3EACFD00791335 /* Sources */ = {
			isa = PBXSourcesBuildPhase;
			buildActionMask = 2147483647;
			files = (
			);
			runOnlyForDeploymentPostprocessing = 0;
		};
/* End PBXSourcesBuildPhase section */

/* Begin PBXTargetDependency section */
		B0286FB52D3EACFD00791335 /* PBXTargetDependency */ = {
			isa = PBXTargetDependency;
			target = B0286F9C2D3EACFC00791335 /* CitySearch */;
			targetProxy = B0286FB42D3EACFD00791335 /* PBXContainerItemProxy */;
		};
		B0286FBF2D3EACFD00791335 /* PBXTargetDependency */ = {
			isa = PBXTargetDependency;
			target = B0286F9C2D3EACFC00791335 /* CitySearch */;
			targetProxy = B0286FBE2D3EACFD00791335 /* PBXContainerItemProxy */;
		};
/* End PBXTargetDependency section */

/* Begin XCBuildConfiguration section */
		B0286FC72D3EACFD00791335 /* Debug */ = {
			isa = XCBuildConfiguration;
			buildSettings = {
				ASSETCATALOG_COMPILER_APPICON_NAME = AppIcon;
				ASSETCATALOG_COMPILER_GLOBAL_ACCENT_COLOR_NAME = AccentColor;
				CODE_SIGN_STYLE = Automatic;
				CURRENT_PROJECT_VERSION = 1;
				GENERATE_INFOPLIST_FILE = YES;
				INFOPLIST_FILE = CitySearch/Info.plist;
				INFOPLIST_KEY_UIApplicationSupportsIndirectInputEvents = YES;
				INFOPLIST_KEY_UILaunchStoryboardName = LaunchScreen;
				INFOPLIST_KEY_UISupportedInterfaceOrientations_iPad = "UIInterfaceOrientationPortrait UIInterfaceOrientationPortraitUpsideDown UIInterfaceOrientationLandscapeLeft UIInterfaceOrientationLandscapeRight";
				INFOPLIST_KEY_UISupportedInterfaceOrientations_iPhone = "UIInterfaceOrientationPortrait UIInterfaceOrientationLandscapeLeft UIInterfaceOrientationLandscapeRight";
				LD_RUNPATH_SEARCH_PATHS = (
					"$(inherited)",
					"@executable_path/Frameworks",
				);
				MARKETING_VERSION = 1.0;
				PRODUCT_BUNDLE_IDENTIFIER = Motive.CitySearch;
				PRODUCT_NAME = "$(TARGET_NAME)";
				SWIFT_EMIT_LOC_STRINGS = YES;
				SWIFT_VERSION = 5.0;
				TARGETED_DEVICE_FAMILY = "1,2";
			};
			name = Debug;
		};
		B0286FC82D3EACFD00791335 /* Release */ = {
			isa = XCBuildConfiguration;
			buildSettings = {
				ASSETCATALOG_COMPILER_APPICON_NAME = AppIcon;
				ASSETCATALOG_COMPILER_GLOBAL_ACCENT_COLOR_NAME = AccentColor;
				CODE_SIGN_STYLE = Automatic;
				CURRENT_PROJECT_VERSION = 1;
				GENERATE_INFOPLIST_FILE = YES;
				INFOPLIST_FILE = CitySearch/Info.plist;
				INFOPLIST_KEY_UIApplicationSupportsIndirectInputEvents = YES;
				INFOPLIST_KEY_UILaunchStoryboardName = LaunchScreen;
				INFOPLIST_KEY_UISupportedInterfaceOrientations_iPad = "UIInterfaceOrientationPortrait UIInterfaceOrientationPortraitUpsideDown UIInterfaceOrientationLandscapeLeft UIInterfaceOrientationLandscapeRight";
				INFOPLIST_KEY_UISupportedInterfaceOrientations_iPhone = "UIInterfaceOrientationPortrait UIInterfaceOrientationLandscapeLeft UIInterfaceOrientationLandscapeRight";
				LD_RUNPATH_SEARCH_PATHS = (
					"$(inherited)",
					"@executable_path/Frameworks",
				);
				MARKETING_VERSION = 1.0;
				PRODUCT_BUNDLE_IDENTIFIER = Motive.CitySearch;
				PRODUCT_NAME = "$(TARGET_NAME)";
				SWIFT_EMIT_LOC_STRINGS = YES;
				SWIFT_VERSION = 5.0;
				TARGETED_DEVICE_FAMILY = "1,2";
			};
			name = Release;
		};
		B0286FC92D3EACFD00791335 /* Debug */ = {
			isa = XCBuildConfiguration;
			buildSettings = {
				ALWAYS_SEARCH_USER_PATHS = NO;
				ASSETCATALOG_COMPILER_GENERATE_SWIFT_ASSET_SYMBOL_EXTENSIONS = YES;
				CLANG_ANALYZER_NONNULL = YES;
				CLANG_ANALYZER_NUMBER_OBJECT_CONVERSION = YES_AGGRESSIVE;
				CLANG_CXX_LANGUAGE_STANDARD = "gnu++20";
				CLANG_ENABLE_MODULES = YES;
				CLANG_ENABLE_OBJC_ARC = YES;
				CLANG_ENABLE_OBJC_WEAK = YES;
				CLANG_WARN_BLOCK_CAPTURE_AUTORELEASING = YES;
				CLANG_WARN_BOOL_CONVERSION = YES;
				CLANG_WARN_COMMA = YES;
				CLANG_WARN_CONSTANT_CONVERSION = YES;
				CLANG_WARN_DEPRECATED_OBJC_IMPLEMENTATIONS = YES;
				CLANG_WARN_DIRECT_OBJC_ISA_USAGE = YES_ERROR;
				CLANG_WARN_DOCUMENTATION_COMMENTS = YES;
				CLANG_WARN_EMPTY_BODY = YES;
				CLANG_WARN_ENUM_CONVERSION = YES;
				CLANG_WARN_INFINITE_RECURSION = YES;
				CLANG_WARN_INT_CONVERSION = YES;
				CLANG_WARN_NON_LITERAL_NULL_CONVERSION = YES;
				CLANG_WARN_OBJC_IMPLICIT_RETAIN_SELF = YES;
				CLANG_WARN_OBJC_LITERAL_CONVERSION = YES;
				CLANG_WARN_OBJC_ROOT_CLASS = YES_ERROR;
				CLANG_WARN_QUOTED_INCLUDE_IN_FRAMEWORK_HEADER = YES;
				CLANG_WARN_RANGE_LOOP_ANALYSIS = YES;
				CLANG_WARN_STRICT_PROTOTYPES = YES;
				CLANG_WARN_SUSPICIOUS_MOVE = YES;
				CLANG_WARN_UNGUARDED_AVAILABILITY = YES_AGGRESSIVE;
				CLANG_WARN_UNREACHABLE_CODE = YES;
				CLANG_WARN__DUPLICATE_METHOD_MATCH = YES;
				COPY_PHASE_STRIP = NO;
				DEBUG_INFORMATION_FORMAT = dwarf;
				ENABLE_STRICT_OBJC_MSGSEND = YES;
				ENABLE_TESTABILITY = YES;
				ENABLE_USER_SCRIPT_SANDBOXING = YES;
				GCC_C_LANGUAGE_STANDARD = gnu17;
				GCC_DYNAMIC_NO_PIC = NO;
				GCC_NO_COMMON_BLOCKS = YES;
				GCC_OPTIMIZATION_LEVEL = 0;
				GCC_PREPROCESSOR_DEFINITIONS = (
					"DEBUG=1",
					"$(inherited)",
				);
				GCC_WARN_64_TO_32_BIT_CONVERSION = YES;
				GCC_WARN_ABOUT_RETURN_TYPE = YES_ERROR;
				GCC_WARN_UNDECLARED_SELECTOR = YES;
				GCC_WARN_UNINITIALIZED_AUTOS = YES_AGGRESSIVE;
				GCC_WARN_UNUSED_FUNCTION = YES;
				GCC_WARN_UNUSED_VARIABLE = YES;
				IPHONEOS_DEPLOYMENT_TARGET = 18.2;
				LOCALIZATION_PREFERS_STRING_CATALOGS = YES;
				MTL_ENABLE_DEBUG_INFO = INCLUDE_SOURCE;
				MTL_FAST_MATH = YES;
				ONLY_ACTIVE_ARCH = YES;
				SDKROOT = iphoneos;
				SWIFT_ACTIVE_COMPILATION_CONDITIONS = "DEBUG $(inherited)";
				SWIFT_OPTIMIZATION_LEVEL = "-Onone";
			};
			name = Debug;
		};
		B0286FCA2D3EACFD00791335 /* Release */ = {
			isa = XCBuildConfiguration;
			buildSettings = {
				ALWAYS_SEARCH_USER_PATHS = NO;
				ASSETCATALOG_COMPILER_GENERATE_SWIFT_ASSET_SYMBOL_EXTENSIONS = YES;
				CLANG_ANALYZER_NONNULL = YES;
				CLANG_ANALYZER_NUMBER_OBJECT_CONVERSION = YES_AGGRESSIVE;
				CLANG_CXX_LANGUAGE_STANDARD = "gnu++20";
				CLANG_ENABLE_MODULES = YES;
				CLANG_ENABLE_OBJC_ARC = YES;
				CLANG_ENABLE_OBJC_WEAK = YES;
				CLANG_WARN_BLOCK_CAPTURE_AUTORELEASING = YES;
				CLANG_WARN_BOOL_CONVERSION = YES;
				CLANG_WARN_COMMA = YES;
				CLANG_WARN_CONSTANT_CONVERSION = YES;
				CLANG_WARN_DEPRECATED_OBJC_IMPLEMENTATIONS = YES;
				CLANG_WARN_DIRECT_OBJC_ISA_USAGE = YES_ERROR;
				CLANG_WARN_DOCUMENTATION_COMMENTS = YES;
				CLANG_WARN_EMPTY_BODY = YES;
				CLANG_WARN_ENUM_CONVERSION = YES;
				CLANG_WARN_INFINITE_RECURSION = YES;
				CLANG_WARN_INT_CONVERSION = YES;
				CLANG_WARN_NON_LITERAL_NULL_CONVERSION = YES;
				CLANG_WARN_OBJC_IMPLICIT_RETAIN_SELF = YES;
				CLANG_WARN_OBJC_LITERAL_CONVERSION = YES;
				CLANG_WARN_OBJC_ROOT_CLASS = YES_ERROR;
				CLANG_WARN_QUOTED_INCLUDE_IN_FRAMEWORK_HEADER = YES;
				CLANG_WARN_RANGE_LOOP_ANALYSIS = YES;
				CLANG_WARN_STRICT_PROTOTYPES = YES;
				CLANG_WARN_SUSPICIOUS_MOVE = YES;
				CLANG_WARN_UNGUARDED_AVAILABILITY = YES_AGGRESSIVE;
				CLANG_WARN_UNREACHABLE_CODE = YES;
				CLANG_WARN__DUPLICATE_METHOD_MATCH = YES;
				COPY_PHASE_STRIP = NO;
				DEBUG_INFORMATION_FORMAT = "dwarf-with-dsym";
				ENABLE_NS_ASSERTIONS = NO;
				ENABLE_STRICT_OBJC_MSGSEND = YES;
				ENABLE_USER_SCRIPT_SANDBOXING = YES;
				GCC_C_LANGUAGE_STANDARD = gnu17;
				GCC_NO_COMMON_BLOCKS = YES;
				GCC_WARN_64_TO_32_BIT_CONVERSION = YES;
				GCC_WARN_ABOUT_RETURN_TYPE = YES_ERROR;
				GCC_WARN_UNDECLARED_SELECTOR = YES;
				GCC_WARN_UNINITIALIZED_AUTOS = YES_AGGRESSIVE;
				GCC_WARN_UNUSED_FUNCTION = YES;
				GCC_WARN_UNUSED_VARIABLE = YES;
				IPHONEOS_DEPLOYMENT_TARGET = 18.2;
				LOCALIZATION_PREFERS_STRING_CATALOGS = YES;
				MTL_ENABLE_DEBUG_INFO = NO;
				MTL_FAST_MATH = YES;
				SDKROOT = iphoneos;
				SWIFT_COMPILATION_MODE = wholemodule;
				VALIDATE_PRODUCT = YES;
			};
			name = Release;
		};
		B0286FCC2D3EACFD00791335 /* Debug */ = {
			isa = XCBuildConfiguration;
			buildSettings = {
				BUNDLE_LOADER = "$(TEST_HOST)";
				CODE_SIGN_STYLE = Automatic;
				CURRENT_PROJECT_VERSION = 1;
				GENERATE_INFOPLIST_FILE = YES;
				IPHONEOS_DEPLOYMENT_TARGET = 18.2;
				MARKETING_VERSION = 1.0;
				PRODUCT_BUNDLE_IDENTIFIER = Motive.CitySearchTests;
				PRODUCT_NAME = "$(TARGET_NAME)";
				SWIFT_EMIT_LOC_STRINGS = NO;
				SWIFT_VERSION = 5.0;
				TARGETED_DEVICE_FAMILY = "1,2";
				TEST_HOST = "$(BUILT_PRODUCTS_DIR)/CitySearch.app/$(BUNDLE_EXECUTABLE_FOLDER_PATH)/CitySearch";
			};
			name = Debug;
		};
		B0286FCD2D3EACFD00791335 /* Release */ = {
			isa = XCBuildConfiguration;
			buildSettings = {
				BUNDLE_LOADER = "$(TEST_HOST)";
				CODE_SIGN_STYLE = Automatic;
				CURRENT_PROJECT_VERSION = 1;
				GENERATE_INFOPLIST_FILE = YES;
				IPHONEOS_DEPLOYMENT_TARGET = 18.2;
				MARKETING_VERSION = 1.0;
				PRODUCT_BUNDLE_IDENTIFIER = Motive.CitySearchTests;
				PRODUCT_NAME = "$(TARGET_NAME)";
				SWIFT_EMIT_LOC_STRINGS = NO;
				SWIFT_VERSION = 5.0;
				TARGETED_DEVICE_FAMILY = "1,2";
				TEST_HOST = "$(BUILT_PRODUCTS_DIR)/CitySearch.app/$(BUNDLE_EXECUTABLE_FOLDER_PATH)/CitySearch";
			};
			name = Release;
		};
		B0286FCF2D3EACFD00791335 /* Debug */ = {
			isa = XCBuildConfiguration;
			buildSettings = {
				CODE_SIGN_STYLE = Automatic;
				CURRENT_PROJECT_VERSION = 1;
				GENERATE_INFOPLIST_FILE = YES;
				MARKETING_VERSION = 1.0;
				PRODUCT_BUNDLE_IDENTIFIER = Motive.CitySearchUITests;
				PRODUCT_NAME = "$(TARGET_NAME)";
				SWIFT_EMIT_LOC_STRINGS = NO;
				SWIFT_VERSION = 5.0;
				TARGETED_DEVICE_FAMILY = "1,2";
				TEST_TARGET_NAME = CitySearch;
			};
			name = Debug;
		};
		B0286FD02D3EACFD00791335 /* Release */ = {
			isa = XCBuildConfiguration;
			buildSettings = {
				CODE_SIGN_STYLE = Automatic;
				CURRENT_PROJECT_VERSION = 1;
				GENERATE_INFOPLIST_FILE = YES;
				MARKETING_VERSION = 1.0;
				PRODUCT_BUNDLE_IDENTIFIER = Motive.CitySearchUITests;
				PRODUCT_NAME = "$(TARGET_NAME)";
				SWIFT_EMIT_LOC_STRINGS = NO;
				SWIFT_VERSION = 5.0;
				TARGETED_DEVICE_FAMILY = "1,2";
				TEST_TARGET_NAME = CitySearch;
			};
			name = Release;
		};
/* End XCBuildConfiguration section */

/* Begin XCConfigurationList section */
		B0286F982D3EACFC00791335 /* Build configuration list for PBXProject "CitySearch" */ = {
			isa = XCConfigurationList;
			buildConfigurations = (
				B0286FC92D3EACFD00791335 /* Debug */,
				B0286FCA2D3EACFD00791335 /* Release */,
			);
			defaultConfigurationIsVisible = 0;
			defaultConfigurationName = Release;
		};
		B0286FC62D3EACFD00791335 /* Build configuration list for PBXNativeTarget "CitySearch" */ = {
			isa = XCConfigurationList;
			buildConfigurations = (
				B0286FC72D3EACFD00791335 /* Debug */,
				B0286FC82D3EACFD00791335 /* Release */,
			);
			defaultConfigurationIsVisible = 0;
			defaultConfigurationName = Release;
		};
		B0286FCB2D3EACFD00791335 /* Build configuration list for PBXNativeTarget "CitySearchTests" */ = {
			isa = XCConfigurationList;
			buildConfigurations = (
				B0286FCC2D3EACFD00791335 /* Debug */,
				B0286FCD2D3EACFD00791335 /* Release */,
			);
			defaultConfigurationIsVisible = 0;
			defaultConfigurationName = Release;
		};
		B0286FCE2D3EACFD00791335 /* Build configuration list for PBXNativeTarget "CitySearchUITests" */ = {
			isa = XCConfigurationList;
			buildConfigurations = (
				B0286FCF2D3EACFD00791335 /* Debug */,
				B0286FD02D3EACFD00791335 /* Release */,
			);
			defaultConfigurationIsVisible = 0;
			defaultConfigurationName = Release;
		};
/* End XCConfigurationList section */
	};
	rootObject = B0286F952D3EACFC00791335 /* Project object */;
}
