// !$*UTF8*$!
{
	archiveVersion = 1;
	classes = {
	};
	objectVersion = 77;
	objects = {

/* Begin PBXBuildFile section */
		1E98B39355865753B7828EFC /* Pods_CitySearchTests.framework in Frameworks */ = {isa = PBXBuildFile; fileRef = 8361A6BAC60A995B337DE72A /* Pods_CitySearchTests.framework */; };
		8D1E3BE7A68A83BFD93B2725 /* Pods_CitySearch.framework in Frameworks */ = {isa = PBXBuildFile; fileRef = 244D8D2C4B6312AC55547BF5 /* Pods_CitySearch.framework */; };
/* End PBXBuildFile section */

/* Begin PBXContainerItemProxy section */
		B0286FB42D3EACFD00791335 /* PBXContainerItemProxy */ = {
			isa = PBXContainerItemProxy;
			containerPortal = B0286F952D3EACFC00791335 /* Project object */;
			proxyType = 1;
			remoteGlobalIDString = B0286F9C2D3EACFC00791335;
			remoteInfo = CitySearch;
		};
/* End PBXContainerItemProxy section */

/* Begin PBXFileReference section */
		244D8D2C4B6312AC55547BF5 /* Pods_CitySearch.framework */ = {isa = PBXFileReference; explicitFileType = wrapper.framework; includeInIndex = 0; path = Pods_CitySearch.framework; sourceTree = BUILT_PRODUCTS_DIR; };
		3FC22C4546FC84EB8E2B4909 /* Pods_CitySearch_CitySearchUITests.framework */ = {isa = PBXFileReference; explicitFileType = wrapper.framework; includeInIndex = 0; path = Pods_CitySearch_CitySearchUITests.framework; sourceTree = BUILT_PRODUCTS_DIR; };
		42F15930831CEA689B6C961E /* Pods-CitySearch-CitySearchUITests.debug.xcconfig */ = {isa = PBXFileReference; includeInIndex = 1; lastKnownFileType = text.xcconfig; name = "Pods-CitySearch-CitySearchUITests.debug.xcconfig"; path = "Target Support Files/Pods-CitySearch-CitySearchUITests/Pods-CitySearch-CitySearchUITests.debug.xcconfig"; sourceTree = "<group>"; };
		5A516710E6E410C0AF7C5B3B /* Pods-CitySearch-CitySearchUITests.release.xcconfig */ = {isa = PBXFileReference; includeInIndex = 1; lastKnownFileType = text.xcconfig; name = "Pods-CitySearch-CitySearchUITests.release.xcconfig"; path = "Target Support Files/Pods-CitySearch-CitySearchUITests/Pods-CitySearch-CitySearchUITests.release.xcconfig"; sourceTree = "<group>"; };
		62AF365FBE9546E53FA30835 /* Pods-CitySearch.release.xcconfig */ = {isa = PBXFileReference; includeInIndex = 1; lastKnownFileType = text.xcconfig; name = "Pods-CitySearch.release.xcconfig"; path = "Target Support Files/Pods-CitySearch/Pods-CitySearch.release.xcconfig"; sourceTree = "<group>"; };
		8361A6BAC60A995B337DE72A /* Pods_CitySearchTests.framework */ = {isa = PBXFileReference; explicitFileType = wrapper.framework; includeInIndex = 0; path = Pods_CitySearchTests.framework; sourceTree = BUILT_PRODUCTS_DIR; };
		9A2415D85FC0DB5462013055 /* Pods-CitySearch.debug.xcconfig */ = {isa = PBXFileReference; includeInIndex = 1; lastKnownFileType = text.xcconfig; name = "Pods-CitySearch.debug.xcconfig"; path = "Target Support Files/Pods-CitySearch/Pods-CitySearch.debug.xcconfig"; sourceTree = "<group>"; };
		B0286F9D2D3EACFC00791335 /* CitySearch.app */ = {isa = PBXFileReference; explicitFileType = wrapper.application; includeInIndex = 0; path = CitySearch.app; sourceTree = BUILT_PRODUCTS_DIR; };
		B0286FB32D3EACFD00791335 /* CitySearchTests.xctest */ = {isa = PBXFileReference; explicitFileType = wrapper.cfbundle; includeInIndex = 0; path = CitySearchTests.xctest; sourceTree = BUILT_PRODUCTS_DIR; };
		BF2F52D80540F616774785C0 /* Pods-CitySearchTests.debug.xcconfig */ = {isa = PBXFileReference; includeInIndex = 1; lastKnownFileType = text.xcconfig; name = "Pods-CitySearchTests.debug.xcconfig"; path = "Target Support Files/Pods-CitySearchTests/Pods-CitySearchTests.debug.xcconfig"; sourceTree = "<group>"; };
		F485870E22B638100389BBF6 /* Pods-CitySearchTests.release.xcconfig */ = {isa = PBXFileReference; includeInIndex = 1; lastKnownFileType = text.xcconfig; name = "Pods-CitySearchTests.release.xcconfig"; path = "Target Support Files/Pods-CitySearchTests/Pods-CitySearchTests.release.xcconfig"; sourceTree = "<group>"; };
/* End PBXFileReference section */

/* Begin PBXFileSystemSynchronizedBuildFileExceptionSet section */
		B094D7DB2D4A4CBD0007A1B2 /* Exceptions for "CitySearch" folder in "CitySearchTests" target */ = {
			isa = PBXFileSystemSynchronizedBuildFileExceptionSet;
			membershipExceptions = (
				Services/Network/NetworkServiceProtocol.swift,
			);
			target = B0286FB22D3EACFD00791335 /* CitySearchTests */;
		};
		B0EC7A842D3F9FF800151773 /* Exceptions for "CitySearch" folder in "CitySearch" target */ = {
			isa = PBXFileSystemSynchronizedBuildFileExceptionSet;
			membershipExceptions = (
				Info.plist,
			);
			target = B0286F9C2D3EACFC00791335 /* CitySearch */;
		};
/* End PBXFileSystemSynchronizedBuildFileExceptionSet section */

/* Begin PBXFileSystemSynchronizedRootGroup section */
		B0286FB62D3EACFD00791335 /* CitySearchTests */ = {
			isa = PBXFileSystemSynchronizedRootGroup;
			path = CitySearchTests;
			sourceTree = "<group>";
		};
		B0286FC02D3EACFD00791335 /* CitySearchUITests */ = {
			isa = PBXFileSystemSynchronizedRootGroup;
			path = CitySearchUITests;
			sourceTree = "<group>";
		};
		B0EC7A7D2D3F9FF800151773 /* CitySearch */ = {
			isa = PBXFileSystemSynchronizedRootGroup;
			exceptions = (
				B0EC7A842D3F9FF800151773 /* Exceptions for "CitySearch" folder in "CitySearch" target */,
				B094D7DB2D4A4CBD0007A1B2 /* Exceptions for "CitySearch" folder in "CitySearchTests" target */,
			);
			path = CitySearch;
			sourceTree = "<group>";
		};
/* End PBXFileSystemSynchronizedRootGroup section */

/* Begin PBXFrameworksBuildPhase section */
		B0286F9A2D3EACFC00791335 /* Frameworks */ = {
			isa = PBXFrameworksBuildPhase;
			buildActionMask = 2147483647;
			files = (
				8D1E3BE7A68A83BFD93B2725 /* Pods_CitySearch.framework in Frameworks */,
			);
			runOnlyForDeploymentPostprocessing = 0;
		};
		B0286FB02D3EACFD00791335 /* Frameworks */ = {
			isa = PBXFrameworksBuildPhase;
			buildActionMask = 2147483647;
			files = (
				1E98B39355865753B7828EFC /* Pods_CitySearchTests.framework in Frameworks */,
			);
			runOnlyForDeploymentPostprocessing = 0;
		};
/* End PBXFrameworksBuildPhase section */

/* Begin PBXGroup section */
		2DE3ABCBF630AF9198881DA0 /* Pods */ = {
			isa = PBXGroup;
			children = (
				9A2415D85FC0DB5462013055 /* Pods-CitySearch.debug.xcconfig */,
				62AF365FBE9546E53FA30835 /* Pods-CitySearch.release.xcconfig */,
				42F15930831CEA689B6C961E /* Pods-CitySearch-CitySearchUITests.debug.xcconfig */,
				5A516710E6E410C0AF7C5B3B /* Pods-CitySearch-CitySearchUITests.release.xcconfig */,
				BF2F52D80540F616774785C0 /* Pods-CitySearchTests.debug.xcconfig */,
				F485870E22B638100389BBF6 /* Pods-CitySearchTests.release.xcconfig */,
			);
			path = Pods;
			sourceTree = "<group>";
		};
		312AC2E930A010A66CD87069 /* Frameworks */ = {
			isa = PBXGroup;
			children = (
				244D8D2C4B6312AC55547BF5 /* Pods_CitySearch.framework */,
				3FC22C4546FC84EB8E2B4909 /* Pods_CitySearch_CitySearchUITests.framework */,
				8361A6BAC60A995B337DE72A /* Pods_CitySearchTests.framework */,
			);
			name = Frameworks;
			sourceTree = "<group>";
		};
		B0286F942D3EACFC00791335 = {
			isa = PBXGroup;
			children = (
				B0EC7A7D2D3F9FF800151773 /* CitySearch */,
				B0286FB62D3EACFD00791335 /* CitySearchTests */,
				B0286FC02D3EACFD00791335 /* CitySearchUITests */,
				B0286F9E2D3EACFC00791335 /* Products */,
				2DE3ABCBF630AF9198881DA0 /* Pods */,
				312AC2E930A010A66CD87069 /* Frameworks */,
			);
			sourceTree = "<group>";
		};
		B0286F9E2D3EACFC00791335 /* Products */ = {
			isa = PBXGroup;
			children = (
				B0286F9D2D3EACFC00791335 /* CitySearch.app */,
				B0286FB32D3EACFD00791335 /* CitySearchTests.xctest */,
			);
			name = Products;
			sourceTree = "<group>";
		};
/* End PBXGroup section */

/* Begin PBXNativeTarget section */
		B0286F9C2D3EACFC00791335 /* CitySearch */ = {
			isa = PBXNativeTarget;
			buildConfigurationList = B0286FC62D3EACFD00791335 /* Build configuration list for PBXNativeTarget "CitySearch" */;
			buildPhases = (
				258D862BE5741EFCED4CB205 /* [CP] Check Pods Manifest.lock */,
				B0286F992D3EACFC00791335 /* Sources */,
				B0286F9A2D3EACFC00791335 /* Frameworks */,
				B0286F9B2D3EACFC00791335 /* Resources */,
				E0AA296504247FD9168A9617 /* [CP] Embed Pods Frameworks */,
			);
			buildRules = (
			);
			dependencies = (
			);
			fileSystemSynchronizedGroups = (
				B0EC7A7D2D3F9FF800151773 /* CitySearch */,
			);
			name = CitySearch;
			productName = CitySearch;
			productReference = B0286F9D2D3EACFC00791335 /* CitySearch.app */;
			productType = "com.apple.product-type.application";
		};
		B0286FB22D3EACFD00791335 /* CitySearchTests */ = {
			isa = PBXNativeTarget;
			buildConfigurationList = B0286FCB2D3EACFD00791335 /* Build configuration list for PBXNativeTarget "CitySearchTests" */;
			buildPhases = (
				AEC3A11BF1E21098A88B2267 /* [CP] Check Pods Manifest.lock */,
				B0286FAF2D3EACFD00791335 /* Sources */,
				B0286FB02D3EACFD00791335 /* Frameworks */,
				B0286FB12D3EACFD00791335 /* Resources */,
			);
			buildRules = (
			);
			dependencies = (
				B0286FB52D3EACFD00791335 /* PBXTargetDependency */,
			);
			fileSystemSynchronizedGroups = (
				B0286FB62D3EACFD00791335 /* CitySearchTests */,
			);
			name = CitySearchTests;
			productName = CitySearchTests;
			productReference = B0286FB32D3EACFD00791335 /* CitySearchTests.xctest */;
			productType = "com.apple.product-type.bundle.unit-test";
		};
/* End PBXNativeTarget section */

/* Begin PBXProject section */
		B0286F952D3EACFC00791335 /* Project object */ = {
			isa = PBXProject;
			attributes = {
				BuildIndependentTargetsInParallel = 1;
				LastSwiftUpdateCheck = 1620;
				LastUpgradeCheck = 1620;
				TargetAttributes = {
					B0286F9C2D3EACFC00791335 = {
						CreatedOnToolsVersion = 16.2;
					};
					B0286FB22D3EACFD00791335 = {
						CreatedOnToolsVersion = 16.2;
						TestTargetID = B0286F9C2D3EACFC00791335;
					};
				};
			};
			buildConfigurationList = B0286F982D3EACFC00791335 /* Build configuration list for PBXProject "CitySearch" */;
			developmentRegion = en;
			hasScannedForEncodings = 0;
			knownRegions = (
				en,
				Base,
			);
			mainGroup = B0286F942D3EACFC00791335;
			minimizedProjectReferenceProxies = 1;
			preferredProjectObjectVersion = 77;
			productRefGroup = B0286F9E2D3EACFC00791335 /* Products */;
			projectDirPath = "";
			projectRoot = "";
			targets = (
				B0286F9C2D3EACFC00791335 /* CitySearch */,
				B0286FB22D3EACFD00791335 /* CitySearchTests */,
			);
		};
/* End PBXProject section */

/* Begin PBXResourcesBuildPhase section */
		B0286F9B2D3EACFC00791335 /* Resources */ = {
			isa = PBXResourcesBuildPhase;
			buildActionMask = 2147483647;
			files = (
			);
			runOnlyForDeploymentPostprocessing = 0;
		};
		B0286FB12D3EACFD00791335 /* Resources */ = {
			isa = PBXResourcesBuildPhase;
			buildActionMask = 2147483647;
			files = (
			);
			runOnlyForDeploymentPostprocessing = 0;
		};
/* End PBXResourcesBuildPhase section */

/* Begin PBXShellScriptBuildPhase section */
		258D862BE5741EFCED4CB205 /* [CP] Check Pods Manifest.lock */ = {
			isa = PBXShellScriptBuildPhase;
			buildActionMask = 2147483647;
			files = (
			);
			inputFileListPaths = (
			);
			inputPaths = (
				"${PODS_PODFILE_DIR_PATH}/Podfile.lock",
				"${PODS_ROOT}/Manifest.lock",
			);
			name = "[CP] Check Pods Manifest.lock";
			outputFileListPaths = (
			);
			outputPaths = (
				"$(DERIVED_FILE_DIR)/Pods-CitySearch-checkManifestLockResult.txt",
			);
			runOnlyForDeploymentPostprocessing = 0;
			shellPath = /bin/sh;
			shellScript = "diff \"${PODS_PODFILE_DIR_PATH}/Podfile.lock\" \"${PODS_ROOT}/Manifest.lock\" > /dev/null\nif [ $? != 0 ] ; then\n    # print error to STDERR\n    echo \"error: The sandbox is not in sync with the Podfile.lock. Run 'pod install' or update your CocoaPods installation.\" >&2\n    exit 1\nfi\n# This output is used by Xcode 'outputs' to avoid re-running this script phase.\necho \"SUCCESS\" > \"${SCRIPT_OUTPUT_FILE_0}\"\n";
			showEnvVarsInLog = 0;
		};
		AEC3A11BF1E21098A88B2267 /* [CP] Check Pods Manifest.lock */ = {
			isa = PBXShellScriptBuildPhase;
			buildActionMask = 2147483647;
			files = (
			);
			inputFileListPaths = (
			);
			inputPaths = (
				"${PODS_PODFILE_DIR_PATH}/Podfile.lock",
				"${PODS_ROOT}/Manifest.lock",
			);
			name = "[CP] Check Pods Manifest.lock";
			outputFileListPaths = (
			);
			outputPaths = (
				"$(DERIVED_FILE_DIR)/Pods-CitySearchTests-checkManifestLockResult.txt",
			);
			runOnlyForDeploymentPostprocessing = 0;
			shellPath = /bin/sh;
			shellScript = "diff \"${PODS_PODFILE_DIR_PATH}/Podfile.lock\" \"${PODS_ROOT}/Manifest.lock\" > /dev/null\nif [ $? != 0 ] ; then\n    # print error to STDERR\n    echo \"error: The sandbox is not in sync with the Podfile.lock. Run 'pod install' or update your CocoaPods installation.\" >&2\n    exit 1\nfi\n# This output is used by Xcode 'outputs' to avoid re-running this script phase.\necho \"SUCCESS\" > \"${SCRIPT_OUTPUT_FILE_0}\"\n";
			showEnvVarsInLog = 0;
		};
		E0AA296504247FD9168A9617 /* [CP] Embed Pods Frameworks */ = {
			isa = PBXShellScriptBuildPhase;
			buildActionMask = 2147483647;
			files = (
			);
			inputFileListPaths = (
				"${PODS_ROOT}/Target Support Files/Pods-CitySearch/Pods-CitySearch-frameworks-${CONFIGURATION}-input-files.xcfilelist",
			);
			name = "[CP] Embed Pods Frameworks";
			outputFileListPaths = (
				"${PODS_ROOT}/Target Support Files/Pods-CitySearch/Pods-CitySearch-frameworks-${CONFIGURATION}-output-files.xcfilelist",
			);
			runOnlyForDeploymentPostprocessing = 0;
			shellPath = /bin/sh;
			shellScript = "\"${PODS_ROOT}/Target Support Files/Pods-CitySearch/Pods-CitySearch-frameworks.sh\"\n";
			showEnvVarsInLog = 0;
		};
/* End PBXShellScriptBuildPhase section */

/* Begin PBXSourcesBuildPhase section */
		B0286F992D3EACFC00791335 /* Sources */ = {
			isa = PBXSourcesBuildPhase;
			buildActionMask = 2147483647;
			files = (
			);
			runOnlyForDeploymentPostprocessing = 0;
		};
		B0286FAF2D3EACFD00791335 /* Sources */ = {
			isa = PBXSourcesBuildPhase;
			buildActionMask = 2147483647;
			files = (
			);
			runOnlyForDeploymentPostprocessing = 0;
		};
/* End PBXSourcesBuildPhase section */

/* Begin PBXTargetDependency section */
		B0286FB52D3EACFD00791335 /* PBXTargetDependency */ = {
			isa = PBXTargetDependency;
			target = B0286F9C2D3EACFC00791335 /* CitySearch */;
			targetProxy = B0286FB42D3EACFD00791335 /* PBXContainerItemProxy */;
		};
/* End PBXTargetDependency section */

/* Begin XCBuildConfiguration section */
		B0286FC72D3EACFD00791335 /* Debug */ = {
			isa = XCBuildConfiguration;
			baseConfigurationReference = 9A2415D85FC0DB5462013055 /* Pods-CitySearch.debug.xcconfig */;
			buildSettings = {
				ASSETCATALOG_COMPILER_APPICON_NAME = AppIcon;
				ASSETCATALOG_COMPILER_GLOBAL_ACCENT_COLOR_NAME = AccentColor;
				CODE_SIGN_STYLE = Automatic;
				CURRENT_PROJECT_VERSION = 1;
				ENABLE_USER_SCRIPT_SANDBOXING = NO;
				GENERATE_INFOPLIST_FILE = YES;
				INFOPLIST_FILE = CitySearch/Info.plist;
				INFOPLIST_KEY_UIApplicationSupportsIndirectInputEvents = YES;
				INFOPLIST_KEY_UILaunchStoryboardName = LaunchScreen;
				INFOPLIST_KEY_UISupportedInterfaceOrientations_iPad = "UIInterfaceOrientationPortrait UIInterfaceOrientationPortraitUpsideDown UIInterfaceOrientationLandscapeLeft UIInterfaceOrientationLandscapeRight";
				INFOPLIST_KEY_UISupportedInterfaceOrientations_iPhone = "UIInterfaceOrientationPortrait UIInterfaceOrientationLandscapeLeft UIInterfaceOrientationLandscapeRight";
				LD_RUNPATH_SEARCH_PATHS = (
					"$(inherited)",
					"@executable_path/Frameworks",
				);
				MARKETING_VERSION = 1.0;
				PRODUCT_BUNDLE_IDENTIFIER = Motive.CitySearch;
				PRODUCT_NAME = "$(TARGET_NAME)";
				SWIFT_EMIT_LOC_STRINGS = YES;
				SWIFT_VERSION = 5.0;
				TARGETED_DEVICE_FAMILY = "1,2";
			};
			name = Debug;
		};
		B0286FC82D3EACFD00791335 /* Release */ = {
			isa = XCBuildConfiguration;
			baseConfigurationReference = 62AF365FBE9546E53FA30835 /* Pods-CitySearch.release.xcconfig */;
			buildSettings = {
				ASSETCATALOG_COMPILER_APPICON_NAME = AppIcon;
				ASSETCATALOG_COMPILER_GLOBAL_ACCENT_COLOR_NAME = AccentColor;
				CODE_SIGN_STYLE = Automatic;
				CURRENT_PROJECT_VERSION = 1;
				ENABLE_USER_SCRIPT_SANDBOXING = NO;
				GENERATE_INFOPLIST_FILE = YES;
				INFOPLIST_FILE = CitySearch/Info.plist;
				INFOPLIST_KEY_UIApplicationSupportsIndirectInputEvents = YES;
				INFOPLIST_KEY_UILaunchStoryboardName = LaunchScreen;
				INFOPLIST_KEY_UISupportedInterfaceOrientations_iPad = "UIInterfaceOrientationPortrait UIInterfaceOrientationPortraitUpsideDown UIInterfaceOrientationLandscapeLeft UIInterfaceOrientationLandscapeRight";
				INFOPLIST_KEY_UISupportedInterfaceOrientations_iPhone = "UIInterfaceOrientationPortrait UIInterfaceOrientationLandscapeLeft UIInterfaceOrientationLandscapeRight";
				LD_RUNPATH_SEARCH_PATHS = (
					"$(inherited)",
					"@executable_path/Frameworks",
				);
				MARKETING_VERSION = 1.0;
				PRODUCT_BUNDLE_IDENTIFIER = Motive.CitySearch;
				PRODUCT_NAME = "$(TARGET_NAME)";
				SWIFT_EMIT_LOC_STRINGS = YES;
				SWIFT_VERSION = 5.0;
				TARGETED_DEVICE_FAMILY = "1,2";
			};
			name = Release;
		};
		B0286FC92D3EACFD00791335 /* Debug */ = {
			isa = XCBuildConfiguration;
			buildSettings = {
				ALWAYS_SEARCH_USER_PATHS = NO;
				ASSETCATALOG_COMPILER_GENERATE_SWIFT_ASSET_SYMBOL_EXTENSIONS = YES;
				CLANG_ANALYZER_NONNULL = YES;
				CLANG_ANALYZER_NUMBER_OBJECT_CONVERSION = YES_AGGRESSIVE;
				CLANG_CXX_LANGUAGE_STANDARD = "gnu++20";
				CLANG_ENABLE_MODULES = YES;
				CLANG_ENABLE_OBJC_ARC = YES;
				CLANG_ENABLE_OBJC_WEAK = YES;
				CLANG_WARN_BLOCK_CAPTURE_AUTORELEASING = YES;
				CLANG_WARN_BOOL_CONVERSION = YES;
				CLANG_WARN_COMMA = YES;
				CLANG_WARN_CONSTANT_CONVERSION = YES;
				CLANG_WARN_DEPRECATED_OBJC_IMPLEMENTATIONS = YES;
				CLANG_WARN_DIRECT_OBJC_ISA_USAGE = YES_ERROR;
				CLANG_WARN_DOCUMENTATION_COMMENTS = YES;
				CLANG_WARN_EMPTY_BODY = YES;
				CLANG_WARN_ENUM_CONVERSION = YES;
				CLANG_WARN_INFINITE_RECURSION = YES;
				CLANG_WARN_INT_CONVERSION = YES;
				CLANG_WARN_NON_LITERAL_NULL_CONVERSION = YES;
				CLANG_WARN_OBJC_IMPLICIT_RETAIN_SELF = YES;
				CLANG_WARN_OBJC_LITERAL_CONVERSION = YES;
				CLANG_WARN_OBJC_ROOT_CLASS = YES_ERROR;
				CLANG_WARN_QUOTED_INCLUDE_IN_FRAMEWORK_HEADER = YES;
				CLANG_WARN_RANGE_LOOP_ANALYSIS = YES;
				CLANG_WARN_STRICT_PROTOTYPES = YES;
				CLANG_WARN_SUSPICIOUS_MOVE = YES;
				CLANG_WARN_UNGUARDED_AVAILABILITY = YES_AGGRESSIVE;
				CLANG_WARN_UNREACHABLE_CODE = YES;
				CLANG_WARN__DUPLICATE_METHOD_MATCH = YES;
				COPY_PHASE_STRIP = NO;
				DEBUG_INFORMATION_FORMAT = dwarf;
				ENABLE_STRICT_OBJC_MSGSEND = YES;
				ENABLE_TESTABILITY = YES;
				ENABLE_USER_SCRIPT_SANDBOXING = YES;
				GCC_C_LANGUAGE_STANDARD = gnu17;
				GCC_DYNAMIC_NO_PIC = NO;
				GCC_NO_COMMON_BLOCKS = YES;
				GCC_OPTIMIZATION_LEVEL = 0;
				GCC_PREPROCESSOR_DEFINITIONS = (
					"DEBUG=1",
					"$(inherited)",
				);
				GCC_WARN_64_TO_32_BIT_CONVERSION = YES;
				GCC_WARN_ABOUT_RETURN_TYPE = YES_ERROR;
				GCC_WARN_UNDECLARED_SELECTOR = YES;
				GCC_WARN_UNINITIALIZED_AUTOS = YES_AGGRESSIVE;
				GCC_WARN_UNUSED_FUNCTION = YES;
				GCC_WARN_UNUSED_VARIABLE = YES;
				IPHONEOS_DEPLOYMENT_TARGET = 18.2;
				LOCALIZATION_PREFERS_STRING_CATALOGS = YES;
				MTL_ENABLE_DEBUG_INFO = INCLUDE_SOURCE;
				MTL_FAST_MATH = YES;
				ONLY_ACTIVE_ARCH = YES;
				SDKROOT = iphoneos;
				SWIFT_ACTIVE_COMPILATION_CONDITIONS = "DEBUG $(inherited)";
				SWIFT_OPTIMIZATION_LEVEL = "-Onone";
			};
			name = Debug;
		};
		B0286FCA2D3EACFD00791335 /* Release */ = {
			isa = XCBuildConfiguration;
			buildSettings = {
				ALWAYS_SEARCH_USER_PATHS = NO;
				ASSETCATALOG_COMPILER_GENERATE_SWIFT_ASSET_SYMBOL_EXTENSIONS = YES;
				CLANG_ANALYZER_NONNULL = YES;
				CLANG_ANALYZER_NUMBER_OBJECT_CONVERSION = YES_AGGRESSIVE;
				CLANG_CXX_LANGUAGE_STANDARD = "gnu++20";
				CLANG_ENABLE_MODULES = YES;
				CLANG_ENABLE_OBJC_ARC = YES;
				CLANG_ENABLE_OBJC_WEAK = YES;
				CLANG_WARN_BLOCK_CAPTURE_AUTORELEASING = YES;
				CLANG_WARN_BOOL_CONVERSION = YES;
				CLANG_WARN_COMMA = YES;
				CLANG_WARN_CONSTANT_CONVERSION = YES;
				CLANG_WARN_DEPRECATED_OBJC_IMPLEMENTATIONS = YES;
				CLANG_WARN_DIRECT_OBJC_ISA_USAGE = YES_ERROR;
				CLANG_WARN_DOCUMENTATION_COMMENTS = YES;
				CLANG_WARN_EMPTY_BODY = YES;
				CLANG_WARN_ENUM_CONVERSION = YES;
				CLANG_WARN_INFINITE_RECURSION = YES;
				CLANG_WARN_INT_CONVERSION = YES;
				CLANG_WARN_NON_LITERAL_NULL_CONVERSION = YES;
				CLANG_WARN_OBJC_IMPLICIT_RETAIN_SELF = YES;
				CLANG_WARN_OBJC_LITERAL_CONVERSION = YES;
				CLANG_WARN_OBJC_ROOT_CLASS = YES_ERROR;
				CLANG_WARN_QUOTED_INCLUDE_IN_FRAMEWORK_HEADER = YES;
				CLANG_WARN_RANGE_LOOP_ANALYSIS = YES;
				CLANG_WARN_STRICT_PROTOTYPES = YES;
				CLANG_WARN_SUSPICIOUS_MOVE = YES;
				CLANG_WARN_UNGUARDED_AVAILABILITY = YES_AGGRESSIVE;
				CLANG_WARN_UNREACHABLE_CODE = YES;
				CLANG_WARN__DUPLICATE_METHOD_MATCH = YES;
				COPY_PHASE_STRIP = NO;
				DEBUG_INFORMATION_FORMAT = "dwarf-with-dsym";
				ENABLE_NS_ASSERTIONS = NO;
				ENABLE_STRICT_OBJC_MSGSEND = YES;
				ENABLE_USER_SCRIPT_SANDBOXING = YES;
				GCC_C_LANGUAGE_STANDARD = gnu17;
				GCC_NO_COMMON_BLOCKS = YES;
				GCC_WARN_64_TO_32_BIT_CONVERSION = YES;
				GCC_WARN_ABOUT_RETURN_TYPE = YES_ERROR;
				GCC_WARN_UNDECLARED_SELECTOR = YES;
				GCC_WARN_UNINITIALIZED_AUTOS = YES_AGGRESSIVE;
				GCC_WARN_UNUSED_FUNCTION = YES;
				GCC_WARN_UNUSED_VARIABLE = YES;
				IPHONEOS_DEPLOYMENT_TARGET = 18.2;
				LOCALIZATION_PREFERS_STRING_CATALOGS = YES;
				MTL_ENABLE_DEBUG_INFO = NO;
				MTL_FAST_MATH = YES;
				SDKROOT = iphoneos;
				SWIFT_COMPILATION_MODE = wholemodule;
				VALIDATE_PRODUCT = YES;
			};
			name = Release;
		};
		B0286FCC2D3EACFD00791335 /* Debug */ = {
			isa = XCBuildConfiguration;
			baseConfigurationReference = BF2F52D80540F616774785C0 /* Pods-CitySearchTests.debug.xcconfig */;
			buildSettings = {
				BUNDLE_LOADER = "$(TEST_HOST)";
				CODE_SIGN_STYLE = Automatic;
				CURRENT_PROJECT_VERSION = 1;
				GENERATE_INFOPLIST_FILE = YES;
				IPHONEOS_DEPLOYMENT_TARGET = 18.2;
				MARKETING_VERSION = 1.0;
				PRODUCT_BUNDLE_IDENTIFIER = Motive.CitySearchTests;
				PRODUCT_NAME = "$(TARGET_NAME)";
				SWIFT_EMIT_LOC_STRINGS = NO;
				SWIFT_VERSION = 5.0;
				TARGETED_DEVICE_FAMILY = "1,2";
				TEST_HOST = "$(BUILT_PRODUCTS_DIR)/CitySearch.app/$(BUNDLE_EXECUTABLE_FOLDER_PATH)/CitySearch";
			};
			name = Debug;
		};
		B0286FCD2D3EACFD00791335 /* Release */ = {
			isa = XCBuildConfiguration;
			baseConfigurationReference = F485870E22B638100389BBF6 /* Pods-CitySearchTests.release.xcconfig */;
			buildSettings = {
				BUNDLE_LOADER = "$(TEST_HOST)";
				CODE_SIGN_STYLE = Automatic;
				CURRENT_PROJECT_VERSION = 1;
				GENERATE_INFOPLIST_FILE = YES;
				IPHONEOS_DEPLOYMENT_TARGET = 18.2;
				MARKETING_VERSION = 1.0;
				PRODUCT_BUNDLE_IDENTIFIER = Motive.CitySearchTests;
				PRODUCT_NAME = "$(TARGET_NAME)";
				SWIFT_EMIT_LOC_STRINGS = NO;
				SWIFT_VERSION = 5.0;
				TARGETED_DEVICE_FAMILY = "1,2";
				TEST_HOST = "$(BUILT_PRODUCTS_DIR)/CitySearch.app/$(BUNDLE_EXECUTABLE_FOLDER_PATH)/CitySearch";
			};
			name = Release;
		};
/* End XCBuildConfiguration section */

/* Begin XCConfigurationList section */
		B0286F982D3EACFC00791335 /* Build configuration list for PBXProject "CitySearch" */ = {
			isa = XCConfigurationList;
			buildConfigurations = (
				B0286FC92D3EACFD00791335 /* Debug */,
				B0286FCA2D3EACFD00791335 /* Release */,
			);
			defaultConfigurationIsVisible = 0;
			defaultConfigurationName = Release;
		};
		B0286FC62D3EACFD00791335 /* Build configuration list for PBXNativeTarget "CitySearch" */ = {
			isa = XCConfigurationList;
			buildConfigurations = (
				B0286FC72D3EACFD00791335 /* Debug */,
				B0286FC82D3EACFD00791335 /* Release */,
			);
			defaultConfigurationIsVisible = 0;
			defaultConfigurationName = Release;
		};
		B0286FCB2D3EACFD00791335 /* Build configuration list for PBXNativeTarget "CitySearchTests" */ = {
			isa = XCConfigurationList;
			buildConfigurations = (
				B0286FCC2D3EACFD00791335 /* Debug */,
				B0286FCD2D3EACFD00791335 /* Release */,
			);
			defaultConfigurationIsVisible = 0;
			defaultConfigurationName = Release;
		};
/* End XCConfigurationList section */
	};
	rootObject = B0286F952D3EACFC00791335 /* Project object */;
}
